# This file is autogenerated, do not edit; changes may be undone by the next 'dep ensure'.


[[projects]]
  name = "cloud.google.com/go"
  packages = ["compute/metadata"]
  revision = "1fd54cf41e6e0e178ffe3c52b0e2260281f603e3"
  version = "v0.32.0"

[[projects]]
  name = "github.com/Sirupsen/logrus"
  packages = ["."]
  revision = "bcd833dfe83d3cebad139e4a29ed79cb2318bf95"
  version = "v1.2.0"

[[projects]]
  name = "github.com/golang/protobuf"
  packages = ["proto"]
  revision = "aa810b61a9c79d51363740d207bb46cf8e620ed5"
  version = "v1.2.0"

[[projects]]
  name = "github.com/konsorten/go-windows-terminal-sequences"
  packages = ["."]
  revision = "5c8c8bd35d3832f5d134ae1e1e375b69a4d25242"
  version = "v1.0.1"

[[projects]]
  branch = "master"
  name = "golang.org/x/crypto"
  packages = ["ssh/terminal"]
  revision = "4d3f4d9ffa16a13f451c3b2999e9c49e9750bf06"

[[projects]]
  branch = "master"
  name = "golang.org/x/net"
  packages = [
    "context",
    "context/ctxhttp"
  ]
  revision = "c10e9556a7bc0e7c942242b606f0acf024ad5d6a"

[[projects]]
  branch = "master"
  name = "golang.org/x/oauth2"
  packages = [
    ".",
    "google",
    "internal",
    "jws",
    "jwt"
  ]
  revision = "e0f2c55a7fc7d04742e0eef7918aa2389b0e1919"

[[projects]]
  branch = "master"
  name = "golang.org/x/sys"
  packages = [
    "unix",
    "windows"
  ]
  revision = "9b800f95dbbc54abff0acf7ee32d88ba4e328c89"

[[projects]]
  branch = "master"
  name = "google.golang.org/api"
  packages = [
    "cloudkms/v1",
    "gensupport",
    "googleapi",
    "googleapi/internal/uritemplates"
  ]
  revision = "45a606955d1cf544236717b0ba3a7beca40b0b37"

[[projects]]
  name = "google.golang.org/appengine"
  packages = [
    ".",
    "internal",
    "internal/app_identity",
    "internal/base",
    "internal/datastore",
    "internal/log",
    "internal/modules",
    "internal/remote_api",
    "internal/urlfetch",
    "urlfetch"
  ]
  revision = "4a4468ece617fc8205e99368fa2200e9d1fad421"
  version = "v1.3.0"

[[projects]]
  name = "gopkg.in/urfave/cli.v1"
  packages = ["."]
  revision = "cfb38830724cc34fedffe9a2a29fb54fa9169cd1"
  version = "v1.20.0"

[solve-meta]
  analyzer-name = "dep"
  analyzer-version = 1
  inputs-digest = "23971ca3238c78ec9b4fbdb81520b09940c9e59e9160694129d11db90ccaa551"
  solver-name = "gps-cdcl"
  solver-version = 1
